
Microsoft Visual Studio Solution File, Format Version 12.00
# Visual Studio Express 2012 for Web
Project("{FAE04EC0-301F-11D3-BF4B-00C04F79EFBC}") = "Trivia", "Trivia\Trivia.csproj", "{6DF4340A-A044-4593-BC79-8F7961BB91E7}"
EndProject
Project("{2150E333-8FDC-42A3-9474-1A3956D46DE8}") = ".nuget", ".nuget", "{865EB62E-6B73-47C4-B24D-E506EEE12646}"
	ProjectSection(SolutionItems) = preProject
		.nuget\packages.config = .nuget\packages.config
	EndProjectSection
EndProject
Global
	GlobalSection(SolutionConfigurationPlatforms) = preSolution
		Debug|x86 = Debug|x86
		Release|x86 = Release|x86
	EndGlobalSection
	GlobalSection(ProjectConfigurationPlatforms) = postSolution
		{6DF4340A-A044-4593-BC79-8F7961BB91E7}.Debug|x86.ActiveCfg = Debug|x86
		{6DF4340A-A044-4593-BC79-8F7961BB91E7}.Debug|x86.Build.0 = Debug|x86
		{6DF4340A-A044-4593-BC79-8F7961BB91E7}.Release|x86.ActiveCfg = Release|x86
		{6DF4340A-A044-4593-BC79-8F7961BB91E7}.Release|x86.Build.0 = Release|x86
	EndGlobalSection
	GlobalSection(SolutionProperties) = preSolution
		HideSolutionNode = FALSE
	EndGlobalSection
EndGlobal
